// !$*UTF8*$!
{
	archiveVersion = 1;
	classes = {
	};
	objectVersion = 56;
	objects = {

/* Begin PBXBuildFile section */
		D3F845BB2AEE4301005090ED /* TODOSApp.swift in Sources */ = {isa = PBXBuildFile; fileRef = D3F845BA2AEE4301005090ED /* TODOSApp.swift */; };
		D3F845BD2AEE4301005090ED /* ContentView.swift in Sources */ = {isa = PBXBuildFile; fileRef = D3F845BC2AEE4301005090ED /* ContentView.swift */; };
		D3F845BF2AEE4302005090ED /* Assets.xcassets in Resources */ = {isa = PBXBuildFile; fileRef = D3F845BE2AEE4302005090ED /* Assets.xcassets */; };
		D3F845C22AEE4302005090ED /* Preview Assets.xcassets in Resources */ = {isa = PBXBuildFile; fileRef = D3F845C12AEE4302005090ED /* Preview Assets.xcassets */; };
		D3F845C42AEE4302005090ED /* Persistence.swift in Sources */ = {isa = PBXBuildFile; fileRef = D3F845C32AEE4302005090ED /* Persistence.swift */; };
		D3F845C72AEE4302005090ED /* TODOS.xcdatamodeld in Sources */ = {isa = PBXBuildFile; fileRef = D3F845C52AEE4302005090ED /* TODOS.xcdatamodeld */; };
		D3F845CF2AEE432D005090ED /* AddToDoView.swift in Sources */ = {isa = PBXBuildFile; fileRef = D3F845CE2AEE432D005090ED /* AddToDoView.swift */; };
		D3F845D12AEF3921005090ED /* LaunchScreen.storyboard in Resources */ = {isa = PBXBuildFile; fileRef = D3F845D02AEF3921005090ED /* LaunchScreen.storyboard */; };
		D3F845D32AEF3A28005090ED /* EmptyListView.swift in Sources */ = {isa = PBXBuildFile; fileRef = D3F845D22AEF3A28005090ED /* EmptyListView.swift */; };
		D3F845D52AEF574D005090ED /* SettingsView.swift in Sources */ = {isa = PBXBuildFile; fileRef = D3F845D42AEF574D005090ED /* SettingsView.swift */; };
		D3F845D72AEF5993005090ED /* FormRowStaticView.swift in Sources */ = {isa = PBXBuildFile; fileRef = D3F845D62AEF5993005090ED /* FormRowStaticView.swift */; };
		D3F845D92AEF5B4D005090ED /* FormRowLinkView.swift in Sources */ = {isa = PBXBuildFile; fileRef = D3F845D82AEF5B4D005090ED /* FormRowLinkView.swift */; };
/* End PBXBuildFile section */

/* Begin PBXFileReference section */
		D3F845B72AEE4301005090ED /* TODOS.app */ = {isa = PBXFileReference; explicitFileType = wrapper.application; includeInIndex = 0; path = TODOS.app; sourceTree = BUILT_PRODUCTS_DIR; };
		D3F845BA2AEE4301005090ED /* TODOSApp.swift */ = {isa = PBXFileReference; lastKnownFileType = sourcecode.swift; path = TODOSApp.swift; sourceTree = "<group>"; };
		D3F845BC2AEE4301005090ED /* ContentView.swift */ = {isa = PBXFileReference; lastKnownFileType = sourcecode.swift; path = ContentView.swift; sourceTree = "<group>"; };
		D3F845BE2AEE4302005090ED /* Assets.xcassets */ = {isa = PBXFileReference; lastKnownFileType = folder.assetcatalog; path = Assets.xcassets; sourceTree = "<group>"; };
		D3F845C12AEE4302005090ED /* Preview Assets.xcassets */ = {isa = PBXFileReference; lastKnownFileType = folder.assetcatalog; path = "Preview Assets.xcassets"; sourceTree = "<group>"; };
		D3F845C32AEE4302005090ED /* Persistence.swift */ = {isa = PBXFileReference; lastKnownFileType = sourcecode.swift; path = Persistence.swift; sourceTree = "<group>"; };
		D3F845C62AEE4302005090ED /* TODOS.xcdatamodel */ = {isa = PBXFileReference; lastKnownFileType = wrapper.xcdatamodel; path = TODOS.xcdatamodel; sourceTree = "<group>"; };
		D3F845CE2AEE432D005090ED /* AddToDoView.swift */ = {isa = PBXFileReference; lastKnownFileType = sourcecode.swift; path = AddToDoView.swift; sourceTree = "<group>"; };
		D3F845D02AEF3921005090ED /* LaunchScreen.storyboard */ = {isa = PBXFileReference; lastKnownFileType = file.storyboard; path = LaunchScreen.storyboard; sourceTree = "<group>"; };
		D3F845D22AEF3A28005090ED /* EmptyListView.swift */ = {isa = PBXFileReference; lastKnownFileType = sourcecode.swift; path = EmptyListView.swift; sourceTree = "<group>"; };
		D3F845D42AEF574D005090ED /* SettingsView.swift */ = {isa = PBXFileReference; lastKnownFileType = sourcecode.swift; path = SettingsView.swift; sourceTree = "<group>"; };
		D3F845D62AEF5993005090ED /* FormRowStaticView.swift */ = {isa = PBXFileReference; lastKnownFileType = sourcecode.swift; path = FormRowStaticView.swift; sourceTree = "<group>"; };
		D3F845D82AEF5B4D005090ED /* FormRowLinkView.swift */ = {isa = PBXFileReference; lastKnownFileType = sourcecode.swift; path = FormRowLinkView.swift; sourceTree = "<group>"; };
		D3F845ED2AEFB289005090ED /* Info.plist */ = {isa = PBXFileReference; lastKnownFileType = text.plist; path = Info.plist; sourceTree = "<group>"; };
/* End PBXFileReference section */

/* Begin PBXFrameworksBuildPhase section */
		D3F845B42AEE4301005090ED /* Frameworks */ = {
			isa = PBXFrameworksBuildPhase;
			buildActionMask = 2147483647;
			files = (
			);
			runOnlyForDeploymentPostprocessing = 0;
		};
/* End PBXFrameworksBuildPhase section */

/* Begin PBXGroup section */
		D3F845AE2AEE4301005090ED = {
			isa = PBXGroup;
			children = (
				D3F845B92AEE4301005090ED /* TODOS */,
				D3F845B82AEE4301005090ED /* Products */,
			);
			sourceTree = "<group>";
		};
		D3F845B82AEE4301005090ED /* Products */ = {
			isa = PBXGroup;
			children = (
				D3F845B72AEE4301005090ED /* TODOS.app */,
			);
			name = Products;
			sourceTree = "<group>";
		};
		D3F845B92AEE4301005090ED /* TODOS */ = {
			isa = PBXGroup;
			children = (
				D3F845ED2AEFB289005090ED /* Info.plist */,
				D3F845CD2AEE4316005090ED /* View */,
				D3F845BA2AEE4301005090ED /* TODOSApp.swift */,
				D3F845BE2AEE4302005090ED /* Assets.xcassets */,
				D3F845C32AEE4302005090ED /* Persistence.swift */,
				D3F845C52AEE4302005090ED /* TODOS.xcdatamodeld */,
				D3F845C02AEE4302005090ED /* Preview Content */,
				D3F845D02AEF3921005090ED /* LaunchScreen.storyboard */,
			);
			path = TODOS;
			sourceTree = "<group>";
		};
		D3F845C02AEE4302005090ED /* Preview Content */ = {
			isa = PBXGroup;
			children = (
				D3F845C12AEE4302005090ED /* Preview Assets.xcassets */,
			);
			path = "Preview Content";
			sourceTree = "<group>";
		};
		D3F845CD2AEE4316005090ED /* View */ = {
			isa = PBXGroup;
			children = (
				D3F845BC2AEE4301005090ED /* ContentView.swift */,
				D3F845CE2AEE432D005090ED /* AddToDoView.swift */,
				D3F845D22AEF3A28005090ED /* EmptyListView.swift */,
				D3F845D42AEF574D005090ED /* SettingsView.swift */,
				D3F845D62AEF5993005090ED /* FormRowStaticView.swift */,
				D3F845D82AEF5B4D005090ED /* FormRowLinkView.swift */,
			);
			path = View;
			sourceTree = "<group>";
		};
/* End PBXGroup section */

/* Begin PBXNativeTarget section */
		D3F845B62AEE4301005090ED /* TODOS */ = {
			isa = PBXNativeTarget;
			buildConfigurationList = D3F845CA2AEE4302005090ED /* Build configuration list for PBXNativeTarget "TODOS" */;
			buildPhases = (
				D3F845B32AEE4301005090ED /* Sources */,
				D3F845B42AEE4301005090ED /* Frameworks */,
				D3F845B52AEE4301005090ED /* Resources */,
			);
			buildRules = (
			);
			dependencies = (
			);
			name = TODOS;
			productName = TODOS;
			productReference = D3F845B72AEE4301005090ED /* TODOS.app */;
			productType = "com.apple.product-type.application";
		};
/* End PBXNativeTarget section */

/* Begin PBXProject section */
		D3F845AF2AEE4301005090ED /* Project object */ = {
			isa = PBXProject;
			attributes = {
				BuildIndependentTargetsInParallel = 1;
				LastSwiftUpdateCheck = 1500;
				LastUpgradeCheck = 1500;
				TargetAttributes = {
					D3F845B62AEE4301005090ED = {
						CreatedOnToolsVersion = 15.0.1;
					};
				};
			};
			buildConfigurationList = D3F845B22AEE4301005090ED /* Build configuration list for PBXProject "TODOS" */;
			compatibilityVersion = "Xcode 14.0";
			developmentRegion = en;
			hasScannedForEncodings = 0;
			knownRegions = (
				en,
				Base,
			);
			mainGroup = D3F845AE2AEE4301005090ED;
			productRefGroup = D3F845B82AEE4301005090ED /* Products */;
			projectDirPath = "";
			projectRoot = "";
			targets = (
				D3F845B62AEE4301005090ED /* TODOS */,
			);
		};
/* End PBXProject section */

/* Begin PBXResourcesBuildPhase section */
		D3F845B52AEE4301005090ED /* Resources */ = {
			isa = PBXResourcesBuildPhase;
			buildActionMask = 2147483647;
			files = (
				D3F845D12AEF3921005090ED /* LaunchScreen.storyboard in Resources */,
				D3F845C22AEE4302005090ED /* Preview Assets.xcassets in Resources */,
				D3F845BF2AEE4302005090ED /* Assets.xcassets in Resources */,
			);
			runOnlyForDeploymentPostprocessing = 0;
		};
/* End PBXResourcesBuildPhase section */

/* Begin PBXSourcesBuildPhase section */
		D3F845B32AEE4301005090ED /* Sources */ = {
			isa = PBXSourcesBuildPhase;
			buildActionMask = 2147483647;
			files = (
				D3F845D52AEF574D005090ED /* SettingsView.swift in Sources */,
				D3F845D72AEF5993005090ED /* FormRowStaticView.swift in Sources */,
				D3F845D92AEF5B4D005090ED /* FormRowLinkView.swift in Sources */,
				D3F845C42AEE4302005090ED /* Persistence.swift in Sources */,
				D3F845CF2AEE432D005090ED /* AddToDoView.swift in Sources */,
				D3F845D32AEF3A28005090ED /* EmptyListView.swift in Sources */,
				D3F845BD2AEE4301005090ED /* ContentView.swift in Sources */,
				D3F845BB2AEE4301005090ED /* TODOSApp.swift in Sources */,
				D3F845C72AEE4302005090ED /* TODOS.xcdatamodeld in Sources */,
			);
			runOnlyForDeploymentPostprocessing = 0;
		};
/* End PBXSourcesBuildPhase section */

/* Begin XCBuildConfiguration section */
		D3F845C82AEE4302005090ED /* Debug */ = {
			isa = XCBuildConfiguration;
			buildSettings = {
				ALWAYS_SEARCH_USER_PATHS = NO;
				ASSETCATALOG_COMPILER_GENERATE_SWIFT_ASSET_SYMBOL_EXTENSIONS = YES;
				CLANG_ANALYZER_NONNULL = YES;
				CLANG_ANALYZER_NUMBER_OBJECT_CONVERSION = YES_AGGRESSIVE;
				CLANG_CXX_LANGUAGE_STANDARD = "gnu++20";
				CLANG_ENABLE_MODULES = YES;
				CLANG_ENABLE_OBJC_ARC = YES;
				CLANG_ENABLE_OBJC_WEAK = YES;
				CLANG_WARN_BLOCK_CAPTURE_AUTORELEASING = YES;
				CLANG_WARN_BOOL_CONVERSION = YES;
				CLANG_WARN_COMMA = YES;
				CLANG_WARN_CONSTANT_CONVERSION = YES;
				CLANG_WARN_DEPRECATED_OBJC_IMPLEMENTATIONS = YES;
				CLANG_WARN_DIRECT_OBJC_ISA_USAGE = YES_ERROR;
				CLANG_WARN_DOCUMENTATION_COMMENTS = YES;
				CLANG_WARN_EMPTY_BODY = YES;
				CLANG_WARN_ENUM_CONVERSION = YES;
				CLANG_WARN_INFINITE_RECURSION = YES;
				CLANG_WARN_INT_CONVERSION = YES;
				CLANG_WARN_NON_LITERAL_NULL_CONVERSION = YES;
				CLANG_WARN_OBJC_IMPLICIT_RETAIN_SELF = YES;
				CLANG_WARN_OBJC_LITERAL_CONVERSION = YES;
				CLANG_WARN_OBJC_ROOT_CLASS = YES_ERROR;
				CLANG_WARN_QUOTED_INCLUDE_IN_FRAMEWORK_HEADER = YES;
				CLANG_WARN_RANGE_LOOP_ANALYSIS = YES;
				CLANG_WARN_STRICT_PROTOTYPES = YES;
				CLANG_WARN_SUSPICIOUS_MOVE = YES;
				CLANG_WARN_UNGUARDED_AVAILABILITY = YES_AGGRESSIVE;
				CLANG_WARN_UNREACHABLE_CODE = YES;
				CLANG_WARN__DUPLICATE_METHOD_MATCH = YES;
				COPY_PHASE_STRIP = NO;
				DEBUG_INFORMATION_FORMAT = dwarf;
				ENABLE_STRICT_OBJC_MSGSEND = YES;
				ENABLE_TESTABILITY = YES;
				ENABLE_USER_SCRIPT_SANDBOXING = YES;
				GCC_C_LANGUAGE_STANDARD = gnu17;
				GCC_DYNAMIC_NO_PIC = NO;
				GCC_NO_COMMON_BLOCKS = YES;
				GCC_OPTIMIZATION_LEVEL = 0;
				GCC_PREPROCESSOR_DEFINITIONS = (
					"DEBUG=1",
					"$(inherited)",
				);
				GCC_WARN_64_TO_32_BIT_CONVERSION = YES;
				GCC_WARN_ABOUT_RETURN_TYPE = YES_ERROR;
				GCC_WARN_UNDECLARED_SELECTOR = YES;
				GCC_WARN_UNINITIALIZED_AUTOS = YES_AGGRESSIVE;
				GCC_WARN_UNUSED_FUNCTION = YES;
				GCC_WARN_UNUSED_VARIABLE = YES;
				IPHONEOS_DEPLOYMENT_TARGET = 17.0;
				LOCALIZATION_PREFERS_STRING_CATALOGS = YES;
				MTL_ENABLE_DEBUG_INFO = INCLUDE_SOURCE;
				MTL_FAST_MATH = YES;
				ONLY_ACTIVE_ARCH = YES;
				SDKROOT = iphoneos;
				SWIFT_ACTIVE_COMPILATION_CONDITIONS = "DEBUG $(inherited)";
				SWIFT_OPTIMIZATION_LEVEL = "-Onone";
			};
			name = Debug;
		};
		D3F845C92AEE4302005090ED /* Release */ = {
			isa = XCBuildConfiguration;
			buildSettings = {
				ALWAYS_SEARCH_USER_PATHS = NO;
				ASSETCATALOG_COMPILER_GENERATE_SWIFT_ASSET_SYMBOL_EXTENSIONS = YES;
				CLANG_ANALYZER_NONNULL = YES;
				CLANG_ANALYZER_NUMBER_OBJECT_CONVERSION = YES_AGGRESSIVE;
				CLANG_CXX_LANGUAGE_STANDARD = "gnu++20";
				CLANG_ENABLE_MODULES = YES;
				CLANG_ENABLE_OBJC_ARC = YES;
				CLANG_ENABLE_OBJC_WEAK = YES;
				CLANG_WARN_BLOCK_CAPTURE_AUTORELEASING = YES;
				CLANG_WARN_BOOL_CONVERSION = YES;
				CLANG_WARN_COMMA = YES;
				CLANG_WARN_CONSTANT_CONVERSION = YES;
				CLANG_WARN_DEPRECATED_OBJC_IMPLEMENTATIONS = YES;
				CLANG_WARN_DIRECT_OBJC_ISA_USAGE = YES_ERROR;
				CLANG_WARN_DOCUMENTATION_COMMENTS = YES;
				CLANG_WARN_EMPTY_BODY = YES;
				CLANG_WARN_ENUM_CONVERSION = YES;
				CLANG_WARN_INFINITE_RECURSION = YES;
				CLANG_WARN_INT_CONVERSION = YES;
				CLANG_WARN_NON_LITERAL_NULL_CONVERSION = YES;
				CLANG_WARN_OBJC_IMPLICIT_RETAIN_SELF = YES;
				CLANG_WARN_OBJC_LITERAL_CONVERSION = YES;
				CLANG_WARN_OBJC_ROOT_CLASS = YES_ERROR;
				CLANG_WARN_QUOTED_INCLUDE_IN_FRAMEWORK_HEADER = YES;
				CLANG_WARN_RANGE_LOOP_ANALYSIS = YES;
				CLANG_WARN_STRICT_PROTOTYPES = YES;
				CLANG_WARN_SUSPICIOUS_MOVE = YES;
				CLANG_WARN_UNGUARDED_AVAILABILITY = YES_AGGRESSIVE;
				CLANG_WARN_UNREACHABLE_CODE = YES;
				CLANG_WARN__DUPLICATE_METHOD_MATCH = YES;
				COPY_PHASE_STRIP = NO;
				DEBUG_INFORMATION_FORMAT = "dwarf-with-dsym";
				ENABLE_NS_ASSERTIONS = NO;
				ENABLE_STRICT_OBJC_MSGSEND = YES;
				ENABLE_USER_SCRIPT_SANDBOXING = YES;
				GCC_C_LANGUAGE_STANDARD = gnu17;
				GCC_NO_COMMON_BLOCKS = YES;
				GCC_WARN_64_TO_32_BIT_CONVERSION = YES;
				GCC_WARN_ABOUT_RETURN_TYPE = YES_ERROR;
				GCC_WARN_UNDECLARED_SELECTOR = YES;
				GCC_WARN_UNINITIALIZED_AUTOS = YES_AGGRESSIVE;
				GCC_WARN_UNUSED_FUNCTION = YES;
				GCC_WARN_UNUSED_VARIABLE = YES;
				IPHONEOS_DEPLOYMENT_TARGET = 17.0;
				LOCALIZATION_PREFERS_STRING_CATALOGS = YES;
				MTL_ENABLE_DEBUG_INFO = NO;
				MTL_FAST_MATH = YES;
				SDKROOT = iphoneos;
				SWIFT_COMPILATION_MODE = wholemodule;
				VALIDATE_PRODUCT = YES;
			};
			name = Release;
		};
		D3F845CB2AEE4302005090ED /* Debug */ = {
			isa = XCBuildConfiguration;
			buildSettings = {
				ASSETCATALOG_COMPILER_APPICON_NAME = AppIcon;
				ASSETCATALOG_COMPILER_GLOBAL_ACCENT_COLOR_NAME = AccentColor;
				CODE_SIGN_STYLE = Automatic;
				CURRENT_PROJECT_VERSION = 1;
				DEVELOPMENT_ASSET_PATHS = "\"TODOS/Preview Content\"";
				DEVELOPMENT_TEAM = K8FKWBYV9S;
				ENABLE_PREVIEWS = YES;
				GENERATE_INFOPLIST_FILE = YES;
				INFOPLIST_FILE = TODOS/Info.plist;
				INFOPLIST_KEY_UIApplicationSceneManifest_Generation = YES;
				INFOPLIST_KEY_UIApplicationSupportsIndirectInputEvents = YES;
				INFOPLIST_KEY_UILaunchScreen_Generation = YES;
				INFOPLIST_KEY_UILaunchStoryboardName = LaunchScreen.storyboard;
				INFOPLIST_KEY_UISupportedInterfaceOrientations = UIInterfaceOrientationPortrait;
				LD_RUNPATH_SEARCH_PATHS = (
					"$(inherited)",
					"@executable_path/Frameworks",
				);
				MARKETING_VERSION = 1.0;
				PRODUCT_BUNDLE_IDENTIFIER = frederick.TODOS;
				PRODUCT_NAME = "$(TARGET_NAME)";
				SWIFT_EMIT_LOC_STRINGS = YES;
				SWIFT_VERSION = 5.0;
				TARGETED_DEVICE_FAMILY = "1,2";
			};
			name = Debug;
		};
		D3F845CC2AEE4302005090ED /* Release */ = {
			isa = XCBuildConfiguration;
			buildSettings = {
				ASSETCATALOG_COMPILER_APPICON_NAME = AppIcon;
				ASSETCATALOG_COMPILER_GLOBAL_ACCENT_COLOR_NAME = AccentColor;
				CODE_SIGN_STYLE = Automatic;
				CURRENT_PROJECT_VERSION = 1;
				DEVELOPMENT_ASSET_PATHS = "\"TODOS/Preview Content\"";
				DEVELOPMENT_TEAM = K8FKWBYV9S;
				ENABLE_PREVIEWS = YES;
				GENERATE_INFOPLIST_FILE = YES;
				INFOPLIST_FILE = TODOS/Info.plist;
				INFOPLIST_KEY_UIApplicationSceneManifest_Generation = YES;
				INFOPLIST_KEY_UIApplicationSupportsIndirectInputEvents = YES;
				INFOPLIST_KEY_UILaunchScreen_Generation = YES;
				INFOPLIST_KEY_UILaunchStoryboardName = LaunchScreen.storyboard;
				INFOPLIST_KEY_UISupportedInterfaceOrientations = UIInterfaceOrientationPortrait;
				LD_RUNPATH_SEARCH_PATHS = (
					"$(inherited)",
					"@executable_path/Frameworks",
				);
				MARKETING_VERSION = 1.0;
				PRODUCT_BUNDLE_IDENTIFIER = frederick.TODOS;
				PRODUCT_NAME = "$(TARGET_NAME)";
				SWIFT_EMIT_LOC_STRINGS = YES;
				SWIFT_VERSION = 5.0;
				TARGETED_DEVICE_FAMILY = "1,2";
			};
			name = Release;
		};
/* End XCBuildConfiguration section */

/* Begin XCConfigurationList section */
		D3F845B22AEE4301005090ED /* Build configuration list for PBXProject "TODOS" */ = {
			isa = XCConfigurationList;
			buildConfigurations = (
				D3F845C82AEE4302005090ED /* Debug */,
				D3F845C92AEE4302005090ED /* Release */,
			);
			defaultConfigurationIsVisible = 0;
			defaultConfigurationName = Release;
		};
		D3F845CA2AEE4302005090ED /* Build configuration list for PBXNativeTarget "TODOS" */ = {
			isa = XCConfigurationList;
			buildConfigurations = (
				D3F845CB2AEE4302005090ED /* Debug */,
				D3F845CC2AEE4302005090ED /* Release */,
			);
			defaultConfigurationIsVisible = 0;
			defaultConfigurationName = Release;
		};
/* End XCConfigurationList section */

/* Begin XCVersionGroup section */
		D3F845C52AEE4302005090ED /* TODOS.xcdatamodeld */ = {
			isa = XCVersionGroup;
			children = (
				D3F845C62AEE4302005090ED /* TODOS.xcdatamodel */,
			);
			currentVersion = D3F845C62AEE4302005090ED /* TODOS.xcdatamodel */;
			path = TODOS.xcdatamodeld;
			sourceTree = "<group>";
			versionGroupType = wrapper.xcdatamodel;
		};
/* End XCVersionGroup section */
	};
	rootObject = D3F845AF2AEE4301005090ED /* Project object */;
}
